
Microsoft Visual Studio Solution File, Format Version 12.00
# Visual Studio Version 17
VisualStudioVersion = 17.0.31919.166
MinimumVisualStudioVersion = 10.0.40219.1
Project("{9A19103F-16F7-4668-BE54-9A1E7A4F7556}") = "AviationWebAPI", "AviationWebAPI\AviationWebAPI.csproj", "{F599C87B-49AB-4D59-8766-9772941C7CB6}"
EndProject
Project("{9A19103F-16F7-4668-BE54-9A1E7A4F7556}") = "DomainModel", "DomainModel\DomainModel.csproj", "{CE221EE5-F5DB-4CF9-92BE-500C1800E2C0}"
EndProject
Project("{9A19103F-16F7-4668-BE54-9A1E7A4F7556}") = "AviationBlazorServer", "AviationBlazorServer\AviationBlazorServer.csproj", "{20A3C8DB-8B3E-45ED-8684-E4C151F557F5}"
EndProject
Global
	GlobalSection(SolutionConfigurationPlatforms) = preSolution
		Debug|Any CPU = Debug|Any CPU
		Release|Any CPU = Release|Any CPU
	EndGlobalSection
	GlobalSection(ProjectConfigurationPlatforms) = postSolution
		{F599C87B-49AB-4D59-8766-9772941C7CB6}.Debug|Any CPU.ActiveCfg = Debug|Any CPU
		{F599C87B-49AB-4D59-8766-9772941C7CB6}.Debug|Any CPU.Build.0 = Debug|Any CPU
		{F599C87B-49AB-4D59-8766-9772941C7CB6}.Release|Any CPU.ActiveCfg = Release|Any CPU
		{F599C87B-49AB-4D59-8766-9772941C7CB6}.Release|Any CPU.Build.0 = Release|Any CPU
		{CE221EE5-F5DB-4CF9-92BE-500C1800E2C0}.Debug|Any CPU.ActiveCfg = Debug|Any CPU
		{CE221EE5-F5DB-4CF9-92BE-500C1800E2C0}.Debug|Any CPU.Build.0 = Debug|Any CPU
		{CE221EE5-F5DB-4CF9-92BE-500C1800E2C0}.Release|Any CPU.ActiveCfg = Release|Any CPU
		{CE221EE5-F5DB-4CF9-92BE-500C1800E2C0}.Release|Any CPU.Build.0 = Release|Any CPU
		{20A3C8DB-8B3E-45ED-8684-E4C151F557F5}.Debug|Any CPU.ActiveCfg = Debug|Any CPU
		{20A3C8DB-8B3E-45ED-8684-E4C151F557F5}.Debug|Any CPU.Build.0 = Debug|Any CPU
		{20A3C8DB-8B3E-45ED-8684-E4C151F557F5}.Release|Any CPU.ActiveCfg = Release|Any CPU
		{20A3C8DB-8B3E-45ED-8684-E4C151F557F5}.Release|Any CPU.Build.0 = Release|Any CPU
	EndGlobalSection
	GlobalSection(SolutionProperties) = preSolution
		HideSolutionNode = FALSE
	EndGlobalSection
	GlobalSection(ExtensibilityGlobals) = postSolution
		SolutionGuid = {6B188A8B-9161-4615-A051-F7E51AED4682}
	EndGlobalSection
EndGlobal
